{
  "name": "electron-react-boilerplate",
  "version": "2.3.0",
  "lockfileVersion": 1,
  "requires": true,
  "dependencies": {
    "@logicflow/core": {
      "version": "0.7.0",
      "resolved": "https://registry.npmmirror.com/@logicflow/core/download/@logicflow/core-0.7.0.tgz?cache=0&sync_timestamp=1634196519993&other_urls=https%3A%2F%2Fregistry.npmmirror.com%2F%40logicflow%2Fcore%2Fdownload%2F%40logicflow%2Fcore-0.7.0.tgz",
      "integrity": "sha1-F0gn2AB0V6H0qtBmdz1nfPWd72g=",
      "requires": {
        "@types/mousetrap": "^1.6.4",
        "mousetrap": "^1.6.5",
        "preact": "^10.4.8"
      }
    },
    "@types/mousetrap": {
      "version": "1.6.8",
      "resolved": "https://registry.nlark.com/@types/mousetrap/download/@types/mousetrap-1.6.8.tgz?cache=0&other_urls=https%3A%2F%2Fregistry.nlark.com%2F%40types%2Fmousetrap%2Fdownload%2F%40types%2Fmousetrap-1.6.8.tgz",
      "integrity": "sha1-RIkp5twhEmOSgwRl/bnUos/Baog="
    },
    "mousetrap": {
      "version": "1.6.5",
      "resolved": "https://registry.npm.taobao.org/mousetrap/download/mousetrap-1.6.5.tgz",
      "integrity": "sha1-inZtjCcrCDk9X1YHTgtewYNIW/k="
    },
    "preact": {
      "version": "10.5.15",
      "resolved": "https://registry.npmmirror.com/preact/download/preact-10.5.15.tgz",
      "integrity": "sha1-bflNiv7PP54Qp0L9jDYt2rRkIl8="
    }
  }
}
